// !$*UTF8*$!
{
	archiveVersion = 1;
	classes = {
	};
	objectVersion = 50;
	objects = {

/* Begin PBXBuildFile section */
		338EBC382177532600CC6BF7 /* AppDelegate.swift in Sources */ = {isa = PBXBuildFile; fileRef = 338EBC372177532600CC6BF7 /* AppDelegate.swift */; };
		338EBC3A2177532600CC6BF7 /* ViewController.swift in Sources */ = {isa = PBXBuildFile; fileRef = 338EBC392177532600CC6BF7 /* ViewController.swift */; };
		338EBC3F2177532800CC6BF7 /* Assets.xcassets in Resources */ = {isa = PBXBuildFile; fileRef = 338EBC3E2177532800CC6BF7 /* Assets.xcassets */; };
		338EBC4D2177532900CC6BF7 /* keyboardsTests.swift in Sources */ = {isa = PBXBuildFile; fileRef = 338EBC4C2177532900CC6BF7 /* keyboardsTests.swift */; };
		338EBC582177532900CC6BF7 /* keyboardsUITests.swift in Sources */ = {isa = PBXBuildFile; fileRef = 338EBC572177532900CC6BF7 /* keyboardsUITests.swift */; };
		338EBC74217756F300CC6BF7 /* LaunchScreen.storyboard in Resources */ = {isa = PBXBuildFile; fileRef = 338EBC72217756F300CC6BF7 /* LaunchScreen.storyboard */; };
		338EBC772177578F00CC6BF7 /* SwitchCells.swift in Sources */ = {isa = PBXBuildFile; fileRef = 338EBC752177578F00CC6BF7 /* SwitchCells.swift */; };
		338EBC782177578F00CC6BF7 /* SwitchCells.xib in Resources */ = {isa = PBXBuildFile; fileRef = 338EBC762177578F00CC6BF7 /* SwitchCells.xib */; };
		338EBC7B217757D000CC6BF7 /* LabelCells.swift in Sources */ = {isa = PBXBuildFile; fileRef = 338EBC79217757D000CC6BF7 /* LabelCells.swift */; };
		338EBC7C217757D000CC6BF7 /* LabelCells.xib in Resources */ = {isa = PBXBuildFile; fileRef = 338EBC7A217757D000CC6BF7 /* LabelCells.xib */; };
		338EBC7F217763CE00CC6BF7 /* KeyboardViewController.swift in Sources */ = {isa = PBXBuildFile; fileRef = 338EBC7D217763CE00CC6BF7 /* KeyboardViewController.swift */; };
		338EBC80217763CE00CC6BF7 /* KeyboardViewController.xib in Resources */ = {isa = PBXBuildFile; fileRef = 338EBC7E217763CE00CC6BF7 /* KeyboardViewController.xib */; };
		33994E4121807C2400E9B81C /* Labels.swift in Sources */ = {isa = PBXBuildFile; fileRef = 33994E4021807C2400E9B81C /* Labels.swift */; };
		33994E432180862C00E9B81C /* LabelsN.swift in Sources */ = {isa = PBXBuildFile; fileRef = 33994E422180862C00E9B81C /* LabelsN.swift */; };
/* End PBXBuildFile section */

/* Begin PBXContainerItemProxy section */
		338EBC492177532900CC6BF7 /* PBXContainerItemProxy */ = {
			isa = PBXContainerItemProxy;
			containerPortal = 338EBC2C2177532500CC6BF7 /* Project object */;
			proxyType = 1;
			remoteGlobalIDString = 338EBC332177532600CC6BF7;
			remoteInfo = keyboards;
		};
		338EBC542177532900CC6BF7 /* PBXContainerItemProxy */ = {
			isa = PBXContainerItemProxy;
			containerPortal = 338EBC2C2177532500CC6BF7 /* Project object */;
			proxyType = 1;
			remoteGlobalIDString = 338EBC332177532600CC6BF7;
			remoteInfo = keyboards;
		};
/* End PBXContainerItemProxy section */

/* Begin PBXFileReference section */
		338EBC342177532600CC6BF7 /* keyboards.app */ = {isa = PBXFileReference; explicitFileType = wrapper.application; includeInIndex = 0; path = keyboards.app; sourceTree = BUILT_PRODUCTS_DIR; };
		338EBC372177532600CC6BF7 /* AppDelegate.swift */ = {isa = PBXFileReference; lastKnownFileType = sourcecode.swift; path = AppDelegate.swift; sourceTree = "<group>"; };
		338EBC392177532600CC6BF7 /* ViewController.swift */ = {isa = PBXFileReference; lastKnownFileType = sourcecode.swift; path = ViewController.swift; sourceTree = "<group>"; };
		338EBC3E2177532800CC6BF7 /* Assets.xcassets */ = {isa = PBXFileReference; lastKnownFileType = folder.assetcatalog; path = Assets.xcassets; sourceTree = "<group>"; };
		338EBC432177532800CC6BF7 /* Info.plist */ = {isa = PBXFileReference; lastKnownFileType = text.plist.xml; path = Info.plist; sourceTree = "<group>"; };
		338EBC482177532900CC6BF7 /* keyboardsTests.xctest */ = {isa = PBXFileReference; explicitFileType = wrapper.cfbundle; includeInIndex = 0; path = keyboardsTests.xctest; sourceTree = BUILT_PRODUCTS_DIR; };
		338EBC4C2177532900CC6BF7 /* keyboardsTests.swift */ = {isa = PBXFileReference; lastKnownFileType = sourcecode.swift; path = keyboardsTests.swift; sourceTree = "<group>"; };
		338EBC4E2177532900CC6BF7 /* Info.plist */ = {isa = PBXFileReference; lastKnownFileType = text.plist.xml; path = Info.plist; sourceTree = "<group>"; };
		338EBC532177532900CC6BF7 /* keyboardsUITests.xctest */ = {isa = PBXFileReference; explicitFileType = wrapper.cfbundle; includeInIndex = 0; path = keyboardsUITests.xctest; sourceTree = BUILT_PRODUCTS_DIR; };
		338EBC572177532900CC6BF7 /* keyboardsUITests.swift */ = {isa = PBXFileReference; lastKnownFileType = sourcecode.swift; path = keyboardsUITests.swift; sourceTree = "<group>"; };
		338EBC592177532900CC6BF7 /* Info.plist */ = {isa = PBXFileReference; lastKnownFileType = text.plist.xml; path = Info.plist; sourceTree = "<group>"; };
		338EBC73217756F300CC6BF7 /* Base */ = {isa = PBXFileReference; lastKnownFileType = file.storyboard; name = Base; path = ../../SwiftTest/SwiftTest/Base.lproj/LaunchScreen.storyboard; sourceTree = "<group>"; };
		338EBC752177578F00CC6BF7 /* SwitchCells.swift */ = {isa = PBXFileReference; lastKnownFileType = sourcecode.swift; path = SwitchCells.swift; sourceTree = "<group>"; };
		338EBC762177578F00CC6BF7 /* SwitchCells.xib */ = {isa = PBXFileReference; lastKnownFileType = file.xib; path = SwitchCells.xib; sourceTree = "<group>"; };
		338EBC79217757D000CC6BF7 /* LabelCells.swift */ = {isa = PBXFileReference; lastKnownFileType = sourcecode.swift; path = LabelCells.swift; sourceTree = "<group>"; };
		338EBC7A217757D000CC6BF7 /* LabelCells.xib */ = {isa = PBXFileReference; lastKnownFileType = file.xib; path = LabelCells.xib; sourceTree = "<group>"; };
		338EBC7D217763CE00CC6BF7 /* KeyboardViewController.swift */ = {isa = PBXFileReference; lastKnownFileType = sourcecode.swift; path = KeyboardViewController.swift; sourceTree = "<group>"; };
		338EBC7E217763CE00CC6BF7 /* KeyboardViewController.xib */ = {isa = PBXFileReference; lastKnownFileType = file.xib; path = KeyboardViewController.xib; sourceTree = "<group>"; };
		33994E4021807C2400E9B81C /* Labels.swift */ = {isa = PBXFileReference; lastKnownFileType = sourcecode.swift; path = Labels.swift; sourceTree = "<group>"; };
		33994E422180862C00E9B81C /* LabelsN.swift */ = {isa = PBXFileReference; lastKnownFileType = sourcecode.swift; path = LabelsN.swift; sourceTree = "<group>"; };
/* End PBXFileReference section */

/* Begin PBXFrameworksBuildPhase section */
		338EBC312177532600CC6BF7 /* Frameworks */ = {
			isa = PBXFrameworksBuildPhase;
			buildActionMask = 2147483647;
			files = (
			);
			runOnlyForDeploymentPostprocessing = 0;
		};
		338EBC452177532900CC6BF7 /* Frameworks */ = {
			isa = PBXFrameworksBuildPhase;
			buildActionMask = 2147483647;
			files = (
			);
			runOnlyForDeploymentPostprocessing = 0;
		};
		338EBC502177532900CC6BF7 /* Frameworks */ = {
			isa = PBXFrameworksBuildPhase;
			buildActionMask = 2147483647;
			files = (
			);
			runOnlyForDeploymentPostprocessing = 0;
		};
/* End PBXFrameworksBuildPhase section */

/* Begin PBXGroup section */
		338EBC2B2177532500CC6BF7 = {
			isa = PBXGroup;
			children = (
				338EBC362177532600CC6BF7 /* keyboards */,
				338EBC4B2177532900CC6BF7 /* keyboardsTests */,
				338EBC562177532900CC6BF7 /* keyboardsUITests */,
				338EBC352177532600CC6BF7 /* Products */,
			);
			sourceTree = "<group>";
		};
		338EBC352177532600CC6BF7 /* Products */ = {
			isa = PBXGroup;
			children = (
				338EBC342177532600CC6BF7 /* keyboards.app */,
				338EBC482177532900CC6BF7 /* keyboardsTests.xctest */,
				338EBC532177532900CC6BF7 /* keyboardsUITests.xctest */,
			);
			name = Products;
			sourceTree = "<group>";
		};
		338EBC362177532600CC6BF7 /* keyboards */ = {
			isa = PBXGroup;
			children = (
				33994E3A2180736100E9B81C /* contenidos */,
				338EBC682177545400CC6BF7 /* Tabla */,
				338EBC652177536E00CC6BF7 /* Cells */,
				338EBC372177532600CC6BF7 /* AppDelegate.swift */,
				338EBC392177532600CC6BF7 /* ViewController.swift */,
				338EBC3E2177532800CC6BF7 /* Assets.xcassets */,
				338EBC72217756F300CC6BF7 /* LaunchScreen.storyboard */,
				338EBC432177532800CC6BF7 /* Info.plist */,
			);
			path = keyboards;
			sourceTree = "<group>";
		};
		338EBC4B2177532900CC6BF7 /* keyboardsTests */ = {
			isa = PBXGroup;
			children = (
				338EBC4C2177532900CC6BF7 /* keyboardsTests.swift */,
				338EBC4E2177532900CC6BF7 /* Info.plist */,
			);
			path = keyboardsTests;
			sourceTree = "<group>";
		};
		338EBC562177532900CC6BF7 /* keyboardsUITests */ = {
			isa = PBXGroup;
			children = (
				338EBC572177532900CC6BF7 /* keyboardsUITests.swift */,
				338EBC592177532900CC6BF7 /* Info.plist */,
			);
			path = keyboardsUITests;
			sourceTree = "<group>";
		};
		338EBC652177536E00CC6BF7 /* Cells */ = {
			isa = PBXGroup;
			children = (
				338EBC67217753FC00CC6BF7 /* SwitchCells */,
				338EBC662177537400CC6BF7 /* LabelCells */,
			);
			path = Cells;
			sourceTree = "<group>";
		};
		338EBC662177537400CC6BF7 /* LabelCells */ = {
			isa = PBXGroup;
			children = (
				338EBC79217757D000CC6BF7 /* LabelCells.swift */,
				338EBC7A217757D000CC6BF7 /* LabelCells.xib */,
			);
			path = LabelCells;
			sourceTree = "<group>";
		};
		338EBC67217753FC00CC6BF7 /* SwitchCells */ = {
			isa = PBXGroup;
			children = (
				338EBC752177578F00CC6BF7 /* SwitchCells.swift */,
				338EBC762177578F00CC6BF7 /* SwitchCells.xib */,
			);
			path = SwitchCells;
			sourceTree = "<group>";
		};
		338EBC682177545400CC6BF7 /* Tabla */ = {
			isa = PBXGroup;
			children = (
				338EBC7D217763CE00CC6BF7 /* KeyboardViewController.swift */,
				338EBC7E217763CE00CC6BF7 /* KeyboardViewController.xib */,
			);
			path = Tabla;
			sourceTree = "<group>";
		};
		33994E3A2180736100E9B81C /* contenidos */ = {
			isa = PBXGroup;
			children = (
				33994E4021807C2400E9B81C /* Labels.swift */,
				33994E422180862C00E9B81C /* LabelsN.swift */,
			);
			path = contenidos;
			sourceTree = "<group>";
		};
/* End PBXGroup section */

/* Begin PBXNativeTarget section */
		338EBC332177532600CC6BF7 /* keyboards */ = {
			isa = PBXNativeTarget;
			buildConfigurationList = 338EBC5C2177532900CC6BF7 /* Build configuration list for PBXNativeTarget "keyboards" */;
			buildPhases = (
				338EBC302177532600CC6BF7 /* Sources */,
				338EBC312177532600CC6BF7 /* Frameworks */,
				338EBC322177532600CC6BF7 /* Resources */,
			);
			buildRules = (
			);
			dependencies = (
			);
			name = keyboards;
			productName = keyboards;
			productReference = 338EBC342177532600CC6BF7 /* keyboards.app */;
			productType = "com.apple.product-type.application";
		};
		338EBC472177532900CC6BF7 /* keyboardsTests */ = {
			isa = PBXNativeTarget;
			buildConfigurationList = 338EBC5F2177532900CC6BF7 /* Build configuration list for PBXNativeTarget "keyboardsTests" */;
			buildPhases = (
				338EBC442177532900CC6BF7 /* Sources */,
				338EBC452177532900CC6BF7 /* Frameworks */,
				338EBC462177532900CC6BF7 /* Resources */,
			);
			buildRules = (
			);
			dependencies = (
				338EBC4A2177532900CC6BF7 /* PBXTargetDependency */,
			);
			name = keyboardsTests;
			productName = keyboardsTests;
			productReference = 338EBC482177532900CC6BF7 /* keyboardsTests.xctest */;
			productType = "com.apple.product-type.bundle.unit-test";
		};
		338EBC522177532900CC6BF7 /* keyboardsUITests */ = {
			isa = PBXNativeTarget;
			buildConfigurationList = 338EBC622177532900CC6BF7 /* Build configuration list for PBXNativeTarget "keyboardsUITests" */;
			buildPhases = (
				338EBC4F2177532900CC6BF7 /* Sources */,
				338EBC502177532900CC6BF7 /* Frameworks */,
				338EBC512177532900CC6BF7 /* Resources */,
			);
			buildRules = (
			);
			dependencies = (
				338EBC552177532900CC6BF7 /* PBXTargetDependency */,
			);
			name = keyboardsUITests;
			productName = keyboardsUITests;
			productReference = 338EBC532177532900CC6BF7 /* keyboardsUITests.xctest */;
			productType = "com.apple.product-type.bundle.ui-testing";
		};
/* End PBXNativeTarget section */

/* Begin PBXProject section */
		338EBC2C2177532500CC6BF7 /* Project object */ = {
			isa = PBXProject;
			attributes = {
				LastSwiftUpdateCheck = 0930;
				LastUpgradeCheck = 0930;
				ORGANIZATIONNAME = "LUCAS PAJARES PRIETO";
				TargetAttributes = {
					338EBC332177532600CC6BF7 = {
						CreatedOnToolsVersion = 9.3;
					};
					338EBC472177532900CC6BF7 = {
						CreatedOnToolsVersion = 9.3;
						TestTargetID = 338EBC332177532600CC6BF7;
					};
					338EBC522177532900CC6BF7 = {
						CreatedOnToolsVersion = 9.3;
						TestTargetID = 338EBC332177532600CC6BF7;
					};
				};
			};
			buildConfigurationList = 338EBC2F2177532500CC6BF7 /* Build configuration list for PBXProject "keyboards" */;
			compatibilityVersion = "Xcode 9.3";
			developmentRegion = en;
			hasScannedForEncodings = 0;
			knownRegions = (
				en,
				Base,
			);
			mainGroup = 338EBC2B2177532500CC6BF7;
			productRefGroup = 338EBC352177532600CC6BF7 /* Products */;
			projectDirPath = "";
			projectRoot = "";
			targets = (
				338EBC332177532600CC6BF7 /* keyboards */,
				338EBC472177532900CC6BF7 /* keyboardsTests */,
				338EBC522177532900CC6BF7 /* keyboardsUITests */,
			);
		};
/* End PBXProject section */

/* Begin PBXResourcesBuildPhase section */
		338EBC322177532600CC6BF7 /* Resources */ = {
			isa = PBXResourcesBuildPhase;
			buildActionMask = 2147483647;
			files = (
				338EBC74217756F300CC6BF7 /* LaunchScreen.storyboard in Resources */,
				338EBC80217763CE00CC6BF7 /* KeyboardViewController.xib in Resources */,
				338EBC782177578F00CC6BF7 /* SwitchCells.xib in Resources */,
				338EBC7C217757D000CC6BF7 /* LabelCells.xib in Resources */,
				338EBC3F2177532800CC6BF7 /* Assets.xcassets in Resources */,
			);
			runOnlyForDeploymentPostprocessing = 0;
		};
		338EBC462177532900CC6BF7 /* Resources */ = {
			isa = PBXResourcesBuildPhase;
			buildActionMask = 2147483647;
			files = (
			);
			runOnlyForDeploymentPostprocessing = 0;
		};
		338EBC512177532900CC6BF7 /* Resources */ = {
			isa = PBXResourcesBuildPhase;
			buildActionMask = 2147483647;
			files = (
			);
			runOnlyForDeploymentPostprocessing = 0;
		};
/* End PBXResourcesBuildPhase section */

/* Begin PBXSourcesBuildPhase section */
		338EBC302177532600CC6BF7 /* Sources */ = {
			isa = PBXSourcesBuildPhase;
			buildActionMask = 2147483647;
			files = (
				338EBC3A2177532600CC6BF7 /* ViewController.swift in Sources */,
				338EBC7F217763CE00CC6BF7 /* KeyboardViewController.swift in Sources */,
				33994E4121807C2400E9B81C /* Labels.swift in Sources */,
				338EBC772177578F00CC6BF7 /* SwitchCells.swift in Sources */,
				33994E432180862C00E9B81C /* LabelsN.swift in Sources */,
				338EBC7B217757D000CC6BF7 /* LabelCells.swift in Sources */,
				338EBC382177532600CC6BF7 /* AppDelegate.swift in Sources */,
			);
			runOnlyForDeploymentPostprocessing = 0;
		};
		338EBC442177532900CC6BF7 /* Sources */ = {
			isa = PBXSourcesBuildPhase;
			buildActionMask = 2147483647;
			files = (
				338EBC4D2177532900CC6BF7 /* keyboardsTests.swift in Sources */,
			);
			runOnlyForDeploymentPostprocessing = 0;
		};
		338EBC4F2177532900CC6BF7 /* Sources */ = {
			isa = PBXSourcesBuildPhase;
			buildActionMask = 2147483647;
			files = (
				338EBC582177532900CC6BF7 /* keyboardsUITests.swift in Sources */,
			);
			runOnlyForDeploymentPostprocessing = 0;
		};
/* End PBXSourcesBuildPhase section */

/* Begin PBXTargetDependency section */
		338EBC4A2177532900CC6BF7 /* PBXTargetDependency */ = {
			isa = PBXTargetDependency;
			target = 338EBC332177532600CC6BF7 /* keyboards */;
			targetProxy = 338EBC492177532900CC6BF7 /* PBXContainerItemProxy */;
		};
		338EBC552177532900CC6BF7 /* PBXTargetDependency */ = {
			isa = PBXTargetDependency;
			target = 338EBC332177532600CC6BF7 /* keyboards */;
			targetProxy = 338EBC542177532900CC6BF7 /* PBXContainerItemProxy */;
		};
/* End PBXTargetDependency section */

/* Begin PBXVariantGroup section */
		338EBC72217756F300CC6BF7 /* LaunchScreen.storyboard */ = {
			isa = PBXVariantGroup;
			children = (
				338EBC73217756F300CC6BF7 /* Base */,
			);
			name = LaunchScreen.storyboard;
			sourceTree = "<group>";
		};
/* End PBXVariantGroup section */

/* Begin XCBuildConfiguration section */
		338EBC5A2177532900CC6BF7 /* Debug */ = {
			isa = XCBuildConfiguration;
			buildSettings = {
				ALWAYS_SEARCH_USER_PATHS = NO;
				CLANG_ANALYZER_NONNULL = YES;
				CLANG_ANALYZER_NUMBER_OBJECT_CONVERSION = YES_AGGRESSIVE;
				CLANG_CXX_LANGUAGE_STANDARD = "gnu++14";
				CLANG_CXX_LIBRARY = "libc++";
				CLANG_ENABLE_MODULES = YES;
				CLANG_ENABLE_OBJC_ARC = YES;
				CLANG_ENABLE_OBJC_WEAK = YES;
				CLANG_WARN_BLOCK_CAPTURE_AUTORELEASING = YES;
				CLANG_WARN_BOOL_CONVERSION = YES;
				CLANG_WARN_COMMA = YES;
				CLANG_WARN_CONSTANT_CONVERSION = YES;
				CLANG_WARN_DEPRECATED_OBJC_IMPLEMENTATIONS = YES;
				CLANG_WARN_DIRECT_OBJC_ISA_USAGE = YES_ERROR;
				CLANG_WARN_DOCUMENTATION_COMMENTS = YES;
				CLANG_WARN_EMPTY_BODY = YES;
				CLANG_WARN_ENUM_CONVERSION = YES;
				CLANG_WARN_INFINITE_RECURSION = YES;
				CLANG_WARN_INT_CONVERSION = YES;
				CLANG_WARN_NON_LITERAL_NULL_CONVERSION = YES;
				CLANG_WARN_OBJC_IMPLICIT_RETAIN_SELF = YES;
				CLANG_WARN_OBJC_LITERAL_CONVERSION = YES;
				CLANG_WARN_OBJC_ROOT_CLASS = YES_ERROR;
				CLANG_WARN_RANGE_LOOP_ANALYSIS = YES;
				CLANG_WARN_STRICT_PROTOTYPES = YES;
				CLANG_WARN_SUSPICIOUS_MOVE = YES;
				CLANG_WARN_UNGUARDED_AVAILABILITY = YES_AGGRESSIVE;
				CLANG_WARN_UNREACHABLE_CODE = YES;
				CLANG_WARN__DUPLICATE_METHOD_MATCH = YES;
				CODE_SIGN_IDENTITY = "iPhone Developer";
				COPY_PHASE_STRIP = NO;
				DEBUG_INFORMATION_FORMAT = dwarf;
				ENABLE_STRICT_OBJC_MSGSEND = YES;
				ENABLE_TESTABILITY = YES;
				GCC_C_LANGUAGE_STANDARD = gnu11;
				GCC_DYNAMIC_NO_PIC = NO;
				GCC_NO_COMMON_BLOCKS = YES;
				GCC_OPTIMIZATION_LEVEL = 0;
				GCC_PREPROCESSOR_DEFINITIONS = (
					"DEBUG=1",
					"$(inherited)",
				);
				GCC_WARN_64_TO_32_BIT_CONVERSION = YES;
				GCC_WARN_ABOUT_RETURN_TYPE = YES_ERROR;
				GCC_WARN_UNDECLARED_SELECTOR = YES;
				GCC_WARN_UNINITIALIZED_AUTOS = YES_AGGRESSIVE;
				GCC_WARN_UNUSED_FUNCTION = YES;
				GCC_WARN_UNUSED_VARIABLE = YES;
				IPHONEOS_DEPLOYMENT_TARGET = 11.3;
				MTL_ENABLE_DEBUG_INFO = YES;
				ONLY_ACTIVE_ARCH = YES;
				SDKROOT = iphoneos;
				SWIFT_ACTIVE_COMPILATION_CONDITIONS = DEBUG;
				SWIFT_OPTIMIZATION_LEVEL = "-Onone";
			};
			name = Debug;
		};
		338EBC5B2177532900CC6BF7 /* Release */ = {
			isa = XCBuildConfiguration;
			buildSettings = {
				ALWAYS_SEARCH_USER_PATHS = NO;
				CLANG_ANALYZER_NONNULL = YES;
				CLANG_ANALYZER_NUMBER_OBJECT_CONVERSION = YES_AGGRESSIVE;
				CLANG_CXX_LANGUAGE_STANDARD = "gnu++14";
				CLANG_CXX_LIBRARY = "libc++";
				CLANG_ENABLE_MODULES = YES;
				CLANG_ENABLE_OBJC_ARC = YES;
				CLANG_ENABLE_OBJC_WEAK = YES;
				CLANG_WARN_BLOCK_CAPTURE_AUTORELEASING = YES;
				CLANG_WARN_BOOL_CONVERSION = YES;
				CLANG_WARN_COMMA = YES;
				CLANG_WARN_CONSTANT_CONVERSION = YES;
				CLANG_WARN_DEPRECATED_OBJC_IMPLEMENTATIONS = YES;
				CLANG_WARN_DIRECT_OBJC_ISA_USAGE = YES_ERROR;
				CLANG_WARN_DOCUMENTATION_COMMENTS = YES;
				CLANG_WARN_EMPTY_BODY = YES;
				CLANG_WARN_ENUM_CONVERSION = YES;
				CLANG_WARN_INFINITE_RECURSION = YES;
				CLANG_WARN_INT_CONVERSION = YES;
				CLANG_WARN_NON_LITERAL_NULL_CONVERSION = YES;
				CLANG_WARN_OBJC_IMPLICIT_RETAIN_SELF = YES;
				CLANG_WARN_OBJC_LITERAL_CONVERSION = YES;
				CLANG_WARN_OBJC_ROOT_CLASS = YES_ERROR;
				CLANG_WARN_RANGE_LOOP_ANALYSIS = YES;
				CLANG_WARN_STRICT_PROTOTYPES = YES;
				CLANG_WARN_SUSPICIOUS_MOVE = YES;
				CLANG_WARN_UNGUARDED_AVAILABILITY = YES_AGGRESSIVE;
				CLANG_WARN_UNREACHABLE_CODE = YES;
				CLANG_WARN__DUPLICATE_METHOD_MATCH = YES;
				CODE_SIGN_IDENTITY = "iPhone Developer";
				COPY_PHASE_STRIP = NO;
				DEBUG_INFORMATION_FORMAT = "dwarf-with-dsym";
				ENABLE_NS_ASSERTIONS = NO;
				ENABLE_STRICT_OBJC_MSGSEND = YES;
				GCC_C_LANGUAGE_STANDARD = gnu11;
				GCC_NO_COMMON_BLOCKS = YES;
				GCC_WARN_64_TO_32_BIT_CONVERSION = YES;
				GCC_WARN_ABOUT_RETURN_TYPE = YES_ERROR;
				GCC_WARN_UNDECLARED_SELECTOR = YES;
				GCC_WARN_UNINITIALIZED_AUTOS = YES_AGGRESSIVE;
				GCC_WARN_UNUSED_FUNCTION = YES;
				GCC_WARN_UNUSED_VARIABLE = YES;
				IPHONEOS_DEPLOYMENT_TARGET = 11.3;
				MTL_ENABLE_DEBUG_INFO = NO;
				SDKROOT = iphoneos;
				SWIFT_COMPILATION_MODE = wholemodule;
				SWIFT_OPTIMIZATION_LEVEL = "-O";
				VALIDATE_PRODUCT = YES;
			};
			name = Release;
		};
		338EBC5D2177532900CC6BF7 /* Debug */ = {
			isa = XCBuildConfiguration;
			buildSettings = {
				ASSETCATALOG_COMPILER_APPICON_NAME = AppIcon;
				CODE_SIGN_STYLE = Automatic;
				INFOPLIST_FILE = keyboards/Info.plist;
				LD_RUNPATH_SEARCH_PATHS = (
					"$(inherited)",
					"@executable_path/Frameworks",
				);
				PRODUCT_BUNDLE_IDENTIFIER = lmao.keyboards;
				PRODUCT_NAME = "$(TARGET_NAME)";
				SWIFT_VERSION = 4.0;
				TARGETED_DEVICE_FAMILY = 1;
			};
			name = Debug;
		};
		338EBC5E2177532900CC6BF7 /* Release */ = {
			isa = XCBuildConfiguration;
			buildSettings = {
				ASSETCATALOG_COMPILER_APPICON_NAME = AppIcon;
				CODE_SIGN_STYLE = Automatic;
				INFOPLIST_FILE = keyboards/Info.plist;
				LD_RUNPATH_SEARCH_PATHS = (
					"$(inherited)",
					"@executable_path/Frameworks",
				);
				PRODUCT_BUNDLE_IDENTIFIER = lmao.keyboards;
				PRODUCT_NAME = "$(TARGET_NAME)";
				SWIFT_VERSION = 4.0;
				TARGETED_DEVICE_FAMILY = 1;
			};
			name = Release;
		};
		338EBC602177532900CC6BF7 /* Debug */ = {
			isa = XCBuildConfiguration;
			buildSettings = {
				ALWAYS_EMBED_SWIFT_STANDARD_LIBRARIES = YES;
				BUNDLE_LOADER = "$(TEST_HOST)";
				CODE_SIGN_STYLE = Automatic;
				INFOPLIST_FILE = keyboardsTests/Info.plist;
				LD_RUNPATH_SEARCH_PATHS = (
					"$(inherited)",
					"@executable_path/Frameworks",
					"@loader_path/Frameworks",
				);
				PRODUCT_BUNDLE_IDENTIFIER = lmao.keyboardsTests;
				PRODUCT_NAME = "$(TARGET_NAME)";
				SWIFT_VERSION = 4.0;
				TARGETED_DEVICE_FAMILY = "1,2";
				TEST_HOST = "$(BUILT_PRODUCTS_DIR)/keyboards.app/keyboards";
			};
			name = Debug;
		};
		338EBC612177532900CC6BF7 /* Release */ = {
			isa = XCBuildConfiguration;
			buildSettings = {
				ALWAYS_EMBED_SWIFT_STANDARD_LIBRARIES = YES;
				BUNDLE_LOADER = "$(TEST_HOST)";
				CODE_SIGN_STYLE = Automatic;
				INFOPLIST_FILE = keyboardsTests/Info.plist;
				LD_RUNPATH_SEARCH_PATHS = (
					"$(inherited)",
					"@executable_path/Frameworks",
					"@loader_path/Frameworks",
				);
				PRODUCT_BUNDLE_IDENTIFIER = lmao.keyboardsTests;
				PRODUCT_NAME = "$(TARGET_NAME)";
				SWIFT_VERSION = 4.0;
				TARGETED_DEVICE_FAMILY = "1,2";
				TEST_HOST = "$(BUILT_PRODUCTS_DIR)/keyboards.app/keyboards";
			};
			name = Release;
		};
		338EBC632177532900CC6BF7 /* Debug */ = {
			isa = XCBuildConfiguration;
			buildSettings = {
				ALWAYS_EMBED_SWIFT_STANDARD_LIBRARIES = YES;
				CODE_SIGN_STYLE = Automatic;
				INFOPLIST_FILE = keyboardsUITests/Info.plist;
				LD_RUNPATH_SEARCH_PATHS = (
					"$(inherited)",
					"@executable_path/Frameworks",
					"@loader_path/Frameworks",
				);
				PRODUCT_BUNDLE_IDENTIFIER = lmao.keyboardsUITests;
				PRODUCT_NAME = "$(TARGET_NAME)";
				SWIFT_VERSION = 4.0;
				TARGETED_DEVICE_FAMILY = "1,2";
				TEST_TARGET_NAME = keyboards;
			};
			name = Debug;
		};
		338EBC642177532900CC6BF7 /* Release */ = {
			isa = XCBuildConfiguration;
			buildSettings = {
				ALWAYS_EMBED_SWIFT_STANDARD_LIBRARIES = YES;
				CODE_SIGN_STYLE = Automatic;
				INFOPLIST_FILE = keyboardsUITests/Info.plist;
				LD_RUNPATH_SEARCH_PATHS = (
					"$(inherited)",
					"@executable_path/Frameworks",
					"@loader_path/Frameworks",
				);
				PRODUCT_BUNDLE_IDENTIFIER = lmao.keyboardsUITests;
				PRODUCT_NAME = "$(TARGET_NAME)";
				SWIFT_VERSION = 4.0;
				TARGETED_DEVICE_FAMILY = "1,2";
				TEST_TARGET_NAME = keyboards;
			};
			name = Release;
		};
/* End XCBuildConfiguration section */

/* Begin XCConfigurationList section */
		338EBC2F2177532500CC6BF7 /* Build configuration list for PBXProject "keyboards" */ = {
			isa = XCConfigurationList;
			buildConfigurations = (
				338EBC5A2177532900CC6BF7 /* Debug */,
				338EBC5B2177532900CC6BF7 /* Release */,
			);
			defaultConfigurationIsVisible = 0;
			defaultConfigurationName = Release;
		};
		338EBC5C2177532900CC6BF7 /* Build configuration list for PBXNativeTarget "keyboards" */ = {
			isa = XCConfigurationList;
			buildConfigurations = (
				338EBC5D2177532900CC6BF7 /* Debug */,
				338EBC5E2177532900CC6BF7 /* Release */,
			);
			defaultConfigurationIsVisible = 0;
			defaultConfigurationName = Release;
		};
		338EBC5F2177532900CC6BF7 /* Build configuration list for PBXNativeTarget "keyboardsTests" */ = {
			isa = XCConfigurationList;
			buildConfigurations = (
				338EBC602177532900CC6BF7 /* Debug */,
				338EBC612177532900CC6BF7 /* Release */,
			);
			defaultConfigurationIsVisible = 0;
			defaultConfigurationName = Release;
		};
		338EBC622177532900CC6BF7 /* Build configuration list for PBXNativeTarget "keyboardsUITests" */ = {
			isa = XCConfigurationList;
			buildConfigurations = (
				338EBC632177532900CC6BF7 /* Debug */,
				338EBC642177532900CC6BF7 /* Release */,
			);
			defaultConfigurationIsVisible = 0;
			defaultConfigurationName = Release;
		};
/* End XCConfigurationList section */
	};
	rootObject = 338EBC2C2177532500CC6BF7 /* Project object */;
}
